
Microsoft Visual Studio Solution File, Format Version 12.00
# Visual Studio Version 17
VisualStudioVersion = 17.3.32811.315
MinimumVisualStudioVersion = 10.0.40219.1
Project("{FAE04EC0-301F-11D3-BF4B-00C04F79EFBC}") = "EF6DataValidation", "EF6DataValidation\EF6DataValidation.csproj", "{EDD53676-246D-498F-B60A-F5B7BFD94EAD}"
EndProject
Global
	GlobalSection(SolutionConfigurationPlatforms) = preSolution
		Debug|Any CPU = Debug|Any CPU
		Release|Any CPU = Release|Any CPU
	EndGlobalSection
	GlobalSection(ProjectConfigurationPlatforms) = postSolution
		{EDD53676-246D-498F-B60A-F5B7BFD94EAD}.Debug|Any CPU.ActiveCfg = Debug|Any CPU
		{EDD53676-246D-498F-B60A-F5B7BFD94EAD}.Debug|Any CPU.Build.0 = Debug|Any CPU
		{EDD53676-246D-498F-B60A-F5B7BFD94EAD}.Release|Any CPU.ActiveCfg = Release|Any CPU
		{EDD53676-246D-498F-B60A-F5B7BFD94EAD}.Release|Any CPU.Build.0 = Release|Any CPU
	EndGlobalSection
	GlobalSection(SolutionProperties) = preSolution
		HideSolutionNode = FALSE
	EndGlobalSection
	GlobalSection(ExtensibilityGlobals) = postSolution
		SolutionGuid = {645DF765-EFFE-4A1F-8D46-143400A9798B}
	EndGlobalSection
EndGlobal
